// !$*UTF8*$!
{
	archiveVersion = 1;
	classes = {
	};
	objectVersion = 46;
	objects = {

/* Begin PBXBuildFile section */
		040A756C1D3B959800F728A9 /* AppDelegate.m in Sources */ = {isa = PBXBuildFile; fileRef = 040A75661D3B959800F728A9 /* AppDelegate.m */; };
		040A756D1D3B959800F728A9 /* main.m in Sources */ = {isa = PBXBuildFile; fileRef = 040A75671D3B959800F728A9 /* main.m */; };
		040A756E1D3B959800F728A9 /* Info.plist in Resources */ = {isa = PBXBuildFile; fileRef = 040A756B1D3B959800F728A9 /* Info.plist */; };
		040A758F1D3B976E00F728A9 /* FFViewController.m in Sources */ = {isa = PBXBuildFile; fileRef = 040A758E1D3B976E00F728A9 /* FFViewController.m */; };
		040A75921D3B97AE00F728A9 /* FFMainViewController.m in Sources */ = {isa = PBXBuildFile; fileRef = 040A75911D3B97AE00F728A9 /* FFMainViewController.m */; };
		040A759A1D3BA26100F728A9 /* FFNavigationController.m in Sources */ = {isa = PBXBuildFile; fileRef = 040A75991D3BA26100F728A9 /* FFNavigationController.m */; };
		040A759D1D3BA27400F728A9 /* FFMainNavigationController.m in Sources */ = {isa = PBXBuildFile; fileRef = 040A759C1D3BA27400F728A9 /* FFMainNavigationController.m */; };
		040A75A01D3BA31400F728A9 /* FFTableViewController.m in Sources */ = {isa = PBXBuildFile; fileRef = 040A759F1D3BA31400F728A9 /* FFTableViewController.m */; };
		04CE412C1D3B8BEB009ED3F3 /* Main.storyboard in Resources */ = {isa = PBXBuildFile; fileRef = 04CE412A1D3B8BEB009ED3F3 /* Main.storyboard */; };
		04CE412E1D3B8BEB009ED3F3 /* Assets.xcassets in Resources */ = {isa = PBXBuildFile; fileRef = 04CE412D1D3B8BEB009ED3F3 /* Assets.xcassets */; };
		04CE41311D3B8BEB009ED3F3 /* LaunchScreen.storyboard in Resources */ = {isa = PBXBuildFile; fileRef = 04CE412F1D3B8BEB009ED3F3 /* LaunchScreen.storyboard */; };
		04CE413C1D3B8BEB009ED3F3 /* CollectionsOfExampleTests.m in Sources */ = {isa = PBXBuildFile; fileRef = 04CE413B1D3B8BEB009ED3F3 /* CollectionsOfExampleTests.m */; };
		04CE41471D3B8BEB009ED3F3 /* CollectionsOfExampleUITests.m in Sources */ = {isa = PBXBuildFile; fileRef = 04CE41461D3B8BEB009ED3F3 /* CollectionsOfExampleUITests.m */; };
/* End PBXBuildFile section */

/* Begin PBXContainerItemProxy section */
		04CE41381D3B8BEB009ED3F3 /* PBXContainerItemProxy */ = {
			isa = PBXContainerItemProxy;
			containerPortal = 04CE41161D3B8BEB009ED3F3 /* Project object */;
			proxyType = 1;
			remoteGlobalIDString = 04CE411D1D3B8BEB009ED3F3;
			remoteInfo = CollectionsOfExample;
		};
		04CE41431D3B8BEB009ED3F3 /* PBXContainerItemProxy */ = {
			isa = PBXContainerItemProxy;
			containerPortal = 04CE41161D3B8BEB009ED3F3 /* Project object */;
			proxyType = 1;
			remoteGlobalIDString = 04CE411D1D3B8BEB009ED3F3;
			remoteInfo = CollectionsOfExample;
		};
/* End PBXContainerItemProxy section */

/* Begin PBXFileReference section */
		040A75651D3B959800F728A9 /* AppDelegate.h */ = {isa = PBXFileReference; fileEncoding = 4; lastKnownFileType = sourcecode.c.h; path = AppDelegate.h; sourceTree = "<group>"; };
		040A75661D3B959800F728A9 /* AppDelegate.m */ = {isa = PBXFileReference; fileEncoding = 4; lastKnownFileType = sourcecode.c.objc; path = AppDelegate.m; sourceTree = "<group>"; };
		040A75671D3B959800F728A9 /* main.m */ = {isa = PBXFileReference; fileEncoding = 4; lastKnownFileType = sourcecode.c.objc; path = main.m; sourceTree = "<group>"; };
		040A756B1D3B959800F728A9 /* Info.plist */ = {isa = PBXFileReference; fileEncoding = 4; lastKnownFileType = text.plist.xml; path = Info.plist; sourceTree = "<group>"; };
		040A758D1D3B976E00F728A9 /* FFViewController.h */ = {isa = PBXFileReference; fileEncoding = 4; lastKnownFileType = sourcecode.c.h; path = FFViewController.h; sourceTree = "<group>"; };
		040A758E1D3B976E00F728A9 /* FFViewController.m */ = {isa = PBXFileReference; fileEncoding = 4; lastKnownFileType = sourcecode.c.objc; path = FFViewController.m; sourceTree = "<group>"; };
		040A75901D3B97AE00F728A9 /* FFMainViewController.h */ = {isa = PBXFileReference; fileEncoding = 4; lastKnownFileType = sourcecode.c.h; path = FFMainViewController.h; sourceTree = "<group>"; };
		040A75911D3B97AE00F728A9 /* FFMainViewController.m */ = {isa = PBXFileReference; fileEncoding = 4; lastKnownFileType = sourcecode.c.objc; path = FFMainViewController.m; sourceTree = "<group>"; };
		040A75941D3B986B00F728A9 /* PrefixHeader.pch */ = {isa = PBXFileReference; lastKnownFileType = sourcecode.c.h; path = PrefixHeader.pch; sourceTree = "<group>"; };
		040A75981D3BA26100F728A9 /* FFNavigationController.h */ = {isa = PBXFileReference; fileEncoding = 4; lastKnownFileType = sourcecode.c.h; path = FFNavigationController.h; sourceTree = "<group>"; };
		040A75991D3BA26100F728A9 /* FFNavigationController.m */ = {isa = PBXFileReference; fileEncoding = 4; lastKnownFileType = sourcecode.c.objc; path = FFNavigationController.m; sourceTree = "<group>"; };
		040A759B1D3BA27400F728A9 /* FFMainNavigationController.h */ = {isa = PBXFileReference; fileEncoding = 4; lastKnownFileType = sourcecode.c.h; path = FFMainNavigationController.h; sourceTree = "<group>"; };
		040A759C1D3BA27400F728A9 /* FFMainNavigationController.m */ = {isa = PBXFileReference; fileEncoding = 4; lastKnownFileType = sourcecode.c.objc; path = FFMainNavigationController.m; sourceTree = "<group>"; };
		040A759E1D3BA31400F728A9 /* FFTableViewController.h */ = {isa = PBXFileReference; fileEncoding = 4; lastKnownFileType = sourcecode.c.h; path = FFTableViewController.h; sourceTree = "<group>"; };
		040A759F1D3BA31400F728A9 /* FFTableViewController.m */ = {isa = PBXFileReference; fileEncoding = 4; lastKnownFileType = sourcecode.c.objc; path = FFTableViewController.m; sourceTree = "<group>"; };
		04CE411E1D3B8BEB009ED3F3 /* CollectionsOfExample.app */ = {isa = PBXFileReference; explicitFileType = wrapper.application; includeInIndex = 0; path = CollectionsOfExample.app; sourceTree = BUILT_PRODUCTS_DIR; };
		04CE412B1D3B8BEB009ED3F3 /* Base */ = {isa = PBXFileReference; lastKnownFileType = file.storyboard; name = Base; path = Base.lproj/Main.storyboard; sourceTree = "<group>"; };
		04CE412D1D3B8BEB009ED3F3 /* Assets.xcassets */ = {isa = PBXFileReference; lastKnownFileType = folder.assetcatalog; name = Assets.xcassets; path = ../Assets.xcassets; sourceTree = "<group>"; };
		04CE41301D3B8BEB009ED3F3 /* Base */ = {isa = PBXFileReference; lastKnownFileType = file.storyboard; name = Base; path = Base.lproj/LaunchScreen.storyboard; sourceTree = "<group>"; };
		04CE41371D3B8BEB009ED3F3 /* CollectionsOfExampleTests.xctest */ = {isa = PBXFileReference; explicitFileType = wrapper.cfbundle; includeInIndex = 0; path = CollectionsOfExampleTests.xctest; sourceTree = BUILT_PRODUCTS_DIR; };
		04CE413B1D3B8BEB009ED3F3 /* CollectionsOfExampleTests.m */ = {isa = PBXFileReference; lastKnownFileType = sourcecode.c.objc; path = CollectionsOfExampleTests.m; sourceTree = "<group>"; };
		04CE413D1D3B8BEB009ED3F3 /* Info.plist */ = {isa = PBXFileReference; lastKnownFileType = text.plist.xml; path = Info.plist; sourceTree = "<group>"; };
		04CE41421D3B8BEB009ED3F3 /* CollectionsOfExampleUITests.xctest */ = {isa = PBXFileReference; explicitFileType = wrapper.cfbundle; includeInIndex = 0; path = CollectionsOfExampleUITests.xctest; sourceTree = BUILT_PRODUCTS_DIR; };
		04CE41461D3B8BEB009ED3F3 /* CollectionsOfExampleUITests.m */ = {isa = PBXFileReference; lastKnownFileType = sourcecode.c.objc; path = CollectionsOfExampleUITests.m; sourceTree = "<group>"; };
		04CE41481D3B8BEB009ED3F3 /* Info.plist */ = {isa = PBXFileReference; lastKnownFileType = text.plist.xml; path = Info.plist; sourceTree = "<group>"; };
/* End PBXFileReference section */

/* Begin PBXFrameworksBuildPhase section */
		04CE411B1D3B8BEB009ED3F3 /* Frameworks */ = {
			isa = PBXFrameworksBuildPhase;
			buildActionMask = 2147483647;
			files = (
			);
			runOnlyForDeploymentPostprocessing = 0;
		};
		04CE41341D3B8BEB009ED3F3 /* Frameworks */ = {
			isa = PBXFrameworksBuildPhase;
			buildActionMask = 2147483647;
			files = (
			);
			runOnlyForDeploymentPostprocessing = 0;
		};
		04CE413F1D3B8BEB009ED3F3 /* Frameworks */ = {
			isa = PBXFrameworksBuildPhase;
			buildActionMask = 2147483647;
			files = (
			);
			runOnlyForDeploymentPostprocessing = 0;
		};
/* End PBXFrameworksBuildPhase section */

/* Begin PBXGroup section */
		040A75631D3B959800F728A9 /* Classes */ = {
			isa = PBXGroup;
			children = (
				040A75641D3B959800F728A9 /* 程序入口 */,
				040A75811D3B970800F728A9 /* Main(主界面) */,
				040A757B1D3B970800F728A9 /* Example(例子) */,
				040A75871D3B970800F728A9 /* Public(公共类) */,
			);
			path = Classes;
			sourceTree = "<group>";
		};
		040A75641D3B959800F728A9 /* 程序入口 */ = {
			isa = PBXGroup;
			children = (
				040A75651D3B959800F728A9 /* AppDelegate.h */,
				040A75661D3B959800F728A9 /* AppDelegate.m */,
				040A75671D3B959800F728A9 /* main.m */,
			);
			path = "程序入口";
			sourceTree = "<group>";
		};
		040A75681D3B959800F728A9 /* Lib */ = {
			isa = PBXGroup;
			children = (
			);
			path = Lib;
			sourceTree = "<group>";
		};
		040A75691D3B959800F728A9 /* Resources */ = {
			isa = PBXGroup;
			children = (
				04CE412F1D3B8BEB009ED3F3 /* LaunchScreen.storyboard */,
				04CE412A1D3B8BEB009ED3F3 /* Main.storyboard */,
				04CE412D1D3B8BEB009ED3F3 /* Assets.xcassets */,
				040A756A1D3B959800F728A9 /* Plist文件 */,
			);
			path = Resources;
			sourceTree = "<group>";
		};
		040A756A1D3B959800F728A9 /* Plist文件 */ = {
			isa = PBXGroup;
			children = (
				040A756B1D3B959800F728A9 /* Info.plist */,
			);
			path = "Plist文件";
			sourceTree = "<group>";
		};
		040A757B1D3B970800F728A9 /* Example(例子) */ = {
			isa = PBXGroup;
			children = (
				040A757C1D3B970800F728A9 /* Cell */,
				040A757D1D3B970800F728A9 /* Controller */,
				040A757E1D3B970800F728A9 /* Model */,
				040A757F1D3B970800F728A9 /* Tools */,
				040A75801D3B970800F728A9 /* View */,
			);
			path = "Example(例子)";
			sourceTree = "<group>";
		};
		040A757C1D3B970800F728A9 /* Cell */ = {
			isa = PBXGroup;
			children = (
			);
			path = Cell;
			sourceTree = "<group>";
		};
		040A757D1D3B970800F728A9 /* Controller */ = {
			isa = PBXGroup;
			children = (
			);
			path = Controller;
			sourceTree = "<group>";
		};
		040A757E1D3B970800F728A9 /* Model */ = {
			isa = PBXGroup;
			children = (
			);
			path = Model;
			sourceTree = "<group>";
		};
		040A757F1D3B970800F728A9 /* Tools */ = {
			isa = PBXGroup;
			children = (
			);
			path = Tools;
			sourceTree = "<group>";
		};
		040A75801D3B970800F728A9 /* View */ = {
			isa = PBXGroup;
			children = (
			);
			path = View;
			sourceTree = "<group>";
		};
		040A75811D3B970800F728A9 /* Main(主界面) */ = {
			isa = PBXGroup;
			children = (
				040A75831D3B970800F728A9 /* Controller */,
				040A75821D3B970800F728A9 /* Cell */,
				040A75841D3B970800F728A9 /* Model */,
				040A75851D3B970800F728A9 /* Tools */,
				040A75861D3B970800F728A9 /* View */,
			);
			path = "Main(主界面)";
			sourceTree = "<group>";
		};
		040A75821D3B970800F728A9 /* Cell */ = {
			isa = PBXGroup;
			children = (
			);
			path = Cell;
			sourceTree = "<group>";
		};
		040A75831D3B970800F728A9 /* Controller */ = {
			isa = PBXGroup;
			children = (
				040A759B1D3BA27400F728A9 /* FFMainNavigationController.h */,
				040A759C1D3BA27400F728A9 /* FFMainNavigationController.m */,
				040A75901D3B97AE00F728A9 /* FFMainViewController.h */,
				040A75911D3B97AE00F728A9 /* FFMainViewController.m */,
			);
			path = Controller;
			sourceTree = "<group>";
		};
		040A75841D3B970800F728A9 /* Model */ = {
			isa = PBXGroup;
			children = (
			);
			path = Model;
			sourceTree = "<group>";
		};
		040A75851D3B970800F728A9 /* Tools */ = {
			isa = PBXGroup;
			children = (
			);
			path = Tools;
			sourceTree = "<group>";
		};
		040A75861D3B970800F728A9 /* View */ = {
			isa = PBXGroup;
			children = (
			);
			path = View;
			sourceTree = "<group>";
		};
		040A75871D3B970800F728A9 /* Public(公共类) */ = {
			isa = PBXGroup;
			children = (
				040A75891D3B970800F728A9 /* Controller */,
				040A75931D3B981200F728A9 /* Other */,
				040A75881D3B970800F728A9 /* Cell */,
				040A758A1D3B970800F728A9 /* Model */,
				040A758B1D3B970800F728A9 /* Tools */,
				040A758C1D3B970800F728A9 /* View */,
			);
			path = "Public(公共类)";
			sourceTree = "<group>";
		};
		040A75881D3B970800F728A9 /* Cell */ = {
			isa = PBXGroup;
			children = (
			);
			path = Cell;
			sourceTree = "<group>";
		};
		040A75891D3B970800F728A9 /* Controller */ = {
			isa = PBXGroup;
			children = (
				040A758D1D3B976E00F728A9 /* FFViewController.h */,
				040A758E1D3B976E00F728A9 /* FFViewController.m */,
				040A75981D3BA26100F728A9 /* FFNavigationController.h */,
				040A75991D3BA26100F728A9 /* FFNavigationController.m */,
				040A759E1D3BA31400F728A9 /* FFTableViewController.h */,
				040A759F1D3BA31400F728A9 /* FFTableViewController.m */,
			);
			path = Controller;
			sourceTree = "<group>";
		};
		040A758A1D3B970800F728A9 /* Model */ = {
			isa = PBXGroup;
			children = (
			);
			path = Model;
			sourceTree = "<group>";
		};
		040A758B1D3B970800F728A9 /* Tools */ = {
			isa = PBXGroup;
			children = (
			);
			path = Tools;
			sourceTree = "<group>";
		};
		040A758C1D3B970800F728A9 /* View */ = {
			isa = PBXGroup;
			children = (
			);
			path = View;
			sourceTree = "<group>";
		};
		040A75931D3B981200F728A9 /* Other */ = {
			isa = PBXGroup;
			children = (
				040A75941D3B986B00F728A9 /* PrefixHeader.pch */,
			);
			path = Other;
			sourceTree = "<group>";
		};
		04CE41151D3B8BEB009ED3F3 = {
			isa = PBXGroup;
			children = (
				04CE41201D3B8BEB009ED3F3 /* CollectionsOfExample */,
				04CE413A1D3B8BEB009ED3F3 /* CollectionsOfExampleTests */,
				04CE41451D3B8BEB009ED3F3 /* CollectionsOfExampleUITests */,
				04CE411F1D3B8BEB009ED3F3 /* Products */,
			);
			sourceTree = "<group>";
		};
		04CE411F1D3B8BEB009ED3F3 /* Products */ = {
			isa = PBXGroup;
			children = (
				04CE411E1D3B8BEB009ED3F3 /* CollectionsOfExample.app */,
				04CE41371D3B8BEB009ED3F3 /* CollectionsOfExampleTests.xctest */,
				04CE41421D3B8BEB009ED3F3 /* CollectionsOfExampleUITests.xctest */,
			);
			name = Products;
			sourceTree = "<group>";
		};
		04CE41201D3B8BEB009ED3F3 /* CollectionsOfExample */ = {
			isa = PBXGroup;
			children = (
				040A75631D3B959800F728A9 /* Classes */,
				040A75681D3B959800F728A9 /* Lib */,
				040A75691D3B959800F728A9 /* Resources */,
				04CE41211D3B8BEB009ED3F3 /* Supporting Files */,
			);
			path = CollectionsOfExample;
			sourceTree = "<group>";
		};
		04CE41211D3B8BEB009ED3F3 /* Supporting Files */ = {
			isa = PBXGroup;
			children = (
			);
			name = "Supporting Files";
			sourceTree = "<group>";
		};
		04CE413A1D3B8BEB009ED3F3 /* CollectionsOfExampleTests */ = {
			isa = PBXGroup;
			children = (
				04CE413B1D3B8BEB009ED3F3 /* CollectionsOfExampleTests.m */,
				04CE413D1D3B8BEB009ED3F3 /* Info.plist */,
			);
			path = CollectionsOfExampleTests;
			sourceTree = "<group>";
		};
		04CE41451D3B8BEB009ED3F3 /* CollectionsOfExampleUITests */ = {
			isa = PBXGroup;
			children = (
				04CE41461D3B8BEB009ED3F3 /* CollectionsOfExampleUITests.m */,
				04CE41481D3B8BEB009ED3F3 /* Info.plist */,
			);
			path = CollectionsOfExampleUITests;
			sourceTree = "<group>";
		};
/* End PBXGroup section */

/* Begin PBXNativeTarget section */
		04CE411D1D3B8BEB009ED3F3 /* CollectionsOfExample */ = {
			isa = PBXNativeTarget;
			buildConfigurationList = 04CE414B1D3B8BEB009ED3F3 /* Build configuration list for PBXNativeTarget "CollectionsOfExample" */;
			buildPhases = (
				04CE411A1D3B8BEB009ED3F3 /* Sources */,
				04CE411B1D3B8BEB009ED3F3 /* Frameworks */,
				04CE411C1D3B8BEB009ED3F3 /* Resources */,
			);
			buildRules = (
			);
			dependencies = (
			);
			name = CollectionsOfExample;
			productName = CollectionsOfExample;
			productReference = 04CE411E1D3B8BEB009ED3F3 /* CollectionsOfExample.app */;
			productType = "com.apple.product-type.application";
		};
		04CE41361D3B8BEB009ED3F3 /* CollectionsOfExampleTests */ = {
			isa = PBXNativeTarget;
			buildConfigurationList = 04CE414E1D3B8BEB009ED3F3 /* Build configuration list for PBXNativeTarget "CollectionsOfExampleTests" */;
			buildPhases = (
				04CE41331D3B8BEB009ED3F3 /* Sources */,
				04CE41341D3B8BEB009ED3F3 /* Frameworks */,
				04CE41351D3B8BEB009ED3F3 /* Resources */,
			);
			buildRules = (
			);
			dependencies = (
				04CE41391D3B8BEB009ED3F3 /* PBXTargetDependency */,
			);
			name = CollectionsOfExampleTests;
			productName = CollectionsOfExampleTests;
			productReference = 04CE41371D3B8BEB009ED3F3 /* CollectionsOfExampleTests.xctest */;
			productType = "com.apple.product-type.bundle.unit-test";
		};
		04CE41411D3B8BEB009ED3F3 /* CollectionsOfExampleUITests */ = {
			isa = PBXNativeTarget;
			buildConfigurationList = 04CE41511D3B8BEB009ED3F3 /* Build configuration list for PBXNativeTarget "CollectionsOfExampleUITests" */;
			buildPhases = (
				04CE413E1D3B8BEB009ED3F3 /* Sources */,
				04CE413F1D3B8BEB009ED3F3 /* Frameworks */,
				04CE41401D3B8BEB009ED3F3 /* Resources */,
			);
			buildRules = (
			);
			dependencies = (
				04CE41441D3B8BEB009ED3F3 /* PBXTargetDependency */,
			);
			name = CollectionsOfExampleUITests;
			productName = CollectionsOfExampleUITests;
			productReference = 04CE41421D3B8BEB009ED3F3 /* CollectionsOfExampleUITests.xctest */;
			productType = "com.apple.product-type.bundle.ui-testing";
		};
/* End PBXNativeTarget section */

/* Begin PBXProject section */
		04CE41161D3B8BEB009ED3F3 /* Project object */ = {
			isa = PBXProject;
			attributes = {
				CLASSPREFIX = FF;
				LastUpgradeCheck = 0720;
				ORGANIZATIONNAME = chenfanfang;
				TargetAttributes = {
					04CE411D1D3B8BEB009ED3F3 = {
						CreatedOnToolsVersion = 7.2.1;
					};
					04CE41361D3B8BEB009ED3F3 = {
						CreatedOnToolsVersion = 7.2.1;
						TestTargetID = 04CE411D1D3B8BEB009ED3F3;
					};
					04CE41411D3B8BEB009ED3F3 = {
						CreatedOnToolsVersion = 7.2.1;
						TestTargetID = 04CE411D1D3B8BEB009ED3F3;
					};
				};
			};
			buildConfigurationList = 04CE41191D3B8BEB009ED3F3 /* Build configuration list for PBXProject "CollectionsOfExample" */;
			compatibilityVersion = "Xcode 3.2";
			developmentRegion = English;
			hasScannedForEncodings = 0;
			knownRegions = (
				en,
				Base,
			);
			mainGroup = 04CE41151D3B8BEB009ED3F3;
			productRefGroup = 04CE411F1D3B8BEB009ED3F3 /* Products */;
			projectDirPath = "";
			projectRoot = "";
			targets = (
				04CE411D1D3B8BEB009ED3F3 /* CollectionsOfExample */,
				04CE41361D3B8BEB009ED3F3 /* CollectionsOfExampleTests */,
				04CE41411D3B8BEB009ED3F3 /* CollectionsOfExampleUITests */,
			);
		};
/* End PBXProject section */

/* Begin PBXResourcesBuildPhase section */
		04CE411C1D3B8BEB009ED3F3 /* Resources */ = {
			isa = PBXResourcesBuildPhase;
			buildActionMask = 2147483647;
			files = (
				040A756E1D3B959800F728A9 /* Info.plist in Resources */,
				04CE41311D3B8BEB009ED3F3 /* LaunchScreen.storyboard in Resources */,
				04CE412E1D3B8BEB009ED3F3 /* Assets.xcassets in Resources */,
				04CE412C1D3B8BEB009ED3F3 /* Main.storyboard in Resources */,
			);
			runOnlyForDeploymentPostprocessing = 0;
		};
		04CE41351D3B8BEB009ED3F3 /* Resources */ = {
			isa = PBXResourcesBuildPhase;
			buildActionMask = 2147483647;
			files = (
			);
			runOnlyForDeploymentPostprocessing = 0;
		};
		04CE41401D3B8BEB009ED3F3 /* Resources */ = {
			isa = PBXResourcesBuildPhase;
			buildActionMask = 2147483647;
			files = (
			);
			runOnlyForDeploymentPostprocessing = 0;
		};
/* End PBXResourcesBuildPhase section */

/* Begin PBXSourcesBuildPhase section */
		04CE411A1D3B8BEB009ED3F3 /* Sources */ = {
			isa = PBXSourcesBuildPhase;
			buildActionMask = 2147483647;
			files = (
				040A759D1D3BA27400F728A9 /* FFMainNavigationController.m in Sources */,
				040A758F1D3B976E00F728A9 /* FFViewController.m in Sources */,
				040A75A01D3BA31400F728A9 /* FFTableViewController.m in Sources */,
				040A75921D3B97AE00F728A9 /* FFMainViewController.m in Sources */,
				040A756C1D3B959800F728A9 /* AppDelegate.m in Sources */,
				040A759A1D3BA26100F728A9 /* FFNavigationController.m in Sources */,
				040A756D1D3B959800F728A9 /* main.m in Sources */,
			);
			runOnlyForDeploymentPostprocessing = 0;
		};
		04CE41331D3B8BEB009ED3F3 /* Sources */ = {
			isa = PBXSourcesBuildPhase;
			buildActionMask = 2147483647;
			files = (
				04CE413C1D3B8BEB009ED3F3 /* CollectionsOfExampleTests.m in Sources */,
			);
			runOnlyForDeploymentPostprocessing = 0;
		};
		04CE413E1D3B8BEB009ED3F3 /* Sources */ = {
			isa = PBXSourcesBuildPhase;
			buildActionMask = 2147483647;
			files = (
				04CE41471D3B8BEB009ED3F3 /* CollectionsOfExampleUITests.m in Sources */,
			);
			runOnlyForDeploymentPostprocessing = 0;
		};
/* End PBXSourcesBuildPhase section */

/* Begin PBXTargetDependency section */
		04CE41391D3B8BEB009ED3F3 /* PBXTargetDependency */ = {
			isa = PBXTargetDependency;
			target = 04CE411D1D3B8BEB009ED3F3 /* CollectionsOfExample */;
			targetProxy = 04CE41381D3B8BEB009ED3F3 /* PBXContainerItemProxy */;
		};
		04CE41441D3B8BEB009ED3F3 /* PBXTargetDependency */ = {
			isa = PBXTargetDependency;
			target = 04CE411D1D3B8BEB009ED3F3 /* CollectionsOfExample */;
			targetProxy = 04CE41431D3B8BEB009ED3F3 /* PBXContainerItemProxy */;
		};
/* End PBXTargetDependency section */

/* Begin PBXVariantGroup section */
		04CE412A1D3B8BEB009ED3F3 /* Main.storyboard */ = {
			isa = PBXVariantGroup;
			children = (
				04CE412B1D3B8BEB009ED3F3 /* Base */,
			);
			name = Main.storyboard;
			path = ..;
			sourceTree = "<group>";
		};
		04CE412F1D3B8BEB009ED3F3 /* LaunchScreen.storyboard */ = {
			isa = PBXVariantGroup;
			children = (
				04CE41301D3B8BEB009ED3F3 /* Base */,
			);
			name = LaunchScreen.storyboard;
			path = ..;
			sourceTree = "<group>";
		};
/* End PBXVariantGroup section */

/* Begin XCBuildConfiguration section */
		04CE41491D3B8BEB009ED3F3 /* Debug */ = {
			isa = XCBuildConfiguration;
			buildSettings = {
				ALWAYS_SEARCH_USER_PATHS = NO;
				CLANG_CXX_LANGUAGE_STANDARD = "gnu++0x";
				CLANG_CXX_LIBRARY = "libc++";
				CLANG_ENABLE_MODULES = YES;
				CLANG_ENABLE_OBJC_ARC = YES;
				CLANG_WARN_BOOL_CONVERSION = YES;
				CLANG_WARN_CONSTANT_CONVERSION = YES;
				CLANG_WARN_DIRECT_OBJC_ISA_USAGE = YES_ERROR;
				CLANG_WARN_EMPTY_BODY = YES;
				CLANG_WARN_ENUM_CONVERSION = YES;
				CLANG_WARN_INT_CONVERSION = YES;
				CLANG_WARN_OBJC_ROOT_CLASS = YES_ERROR;
				CLANG_WARN_UNREACHABLE_CODE = YES;
				CLANG_WARN__DUPLICATE_METHOD_MATCH = YES;
				"CODE_SIGN_IDENTITY[sdk=iphoneos*]" = "iPhone Developer";
				COPY_PHASE_STRIP = NO;
				DEBUG_INFORMATION_FORMAT = dwarf;
				ENABLE_STRICT_OBJC_MSGSEND = YES;
				ENABLE_TESTABILITY = YES;
				GCC_C_LANGUAGE_STANDARD = gnu99;
				GCC_DYNAMIC_NO_PIC = NO;
				GCC_NO_COMMON_BLOCKS = YES;
				GCC_OPTIMIZATION_LEVEL = 0;
				GCC_PREPROCESSOR_DEFINITIONS = (
					"DEBUG=1",
					"$(inherited)",
				);
				GCC_WARN_64_TO_32_BIT_CONVERSION = YES;
				GCC_WARN_ABOUT_RETURN_TYPE = YES_ERROR;
				GCC_WARN_UNDECLARED_SELECTOR = YES;
				GCC_WARN_UNINITIALIZED_AUTOS = YES_AGGRESSIVE;
				GCC_WARN_UNUSED_FUNCTION = YES;
				GCC_WARN_UNUSED_VARIABLE = YES;
				IPHONEOS_DEPLOYMENT_TARGET = 9.2;
				MTL_ENABLE_DEBUG_INFO = YES;
				ONLY_ACTIVE_ARCH = YES;
				SDKROOT = iphoneos;
				TARGETED_DEVICE_FAMILY = "1,2";
			};
			name = Debug;
		};
		04CE414A1D3B8BEB009ED3F3 /* Release */ = {
			isa = XCBuildConfiguration;
			buildSettings = {
				ALWAYS_SEARCH_USER_PATHS = NO;
				CLANG_CXX_LANGUAGE_STANDARD = "gnu++0x";
				CLANG_CXX_LIBRARY = "libc++";
				CLANG_ENABLE_MODULES = YES;
				CLANG_ENABLE_OBJC_ARC = YES;
				CLANG_WARN_BOOL_CONVERSION = YES;
				CLANG_WARN_CONSTANT_CONVERSION = YES;
				CLANG_WARN_DIRECT_OBJC_ISA_USAGE = YES_ERROR;
				CLANG_WARN_EMPTY_BODY = YES;
				CLANG_WARN_ENUM_CONVERSION = YES;
				CLANG_WARN_INT_CONVERSION = YES;
				CLANG_WARN_OBJC_ROOT_CLASS = YES_ERROR;
				CLANG_WARN_UNREACHABLE_CODE = YES;
				CLANG_WARN__DUPLICATE_METHOD_MATCH = YES;
				"CODE_SIGN_IDENTITY[sdk=iphoneos*]" = "iPhone Developer";
				COPY_PHASE_STRIP = NO;
				DEBUG_INFORMATION_FORMAT = "dwarf-with-dsym";
				ENABLE_NS_ASSERTIONS = NO;
				ENABLE_STRICT_OBJC_MSGSEND = YES;
				GCC_C_LANGUAGE_STANDARD = gnu99;
				GCC_NO_COMMON_BLOCKS = YES;
				GCC_WARN_64_TO_32_BIT_CONVERSION = YES;
				GCC_WARN_ABOUT_RETURN_TYPE = YES_ERROR;
				GCC_WARN_UNDECLARED_SELECTOR = YES;
				GCC_WARN_UNINITIALIZED_AUTOS = YES_AGGRESSIVE;
				GCC_WARN_UNUSED_FUNCTION = YES;
				GCC_WARN_UNUSED_VARIABLE = YES;
				IPHONEOS_DEPLOYMENT_TARGET = 9.2;
				MTL_ENABLE_DEBUG_INFO = NO;
				SDKROOT = iphoneos;
				TARGETED_DEVICE_FAMILY = "1,2";
				VALIDATE_PRODUCT = YES;
			};
			name = Release;
		};
		04CE414C1D3B8BEB009ED3F3 /* Debug */ = {
			isa = XCBuildConfiguration;
			buildSettings = {
				ASSETCATALOG_COMPILER_APPICON_NAME = AppIcon;
				GCC_PRECOMPILE_PREFIX_HEADER = YES;
				GCC_PREFIX_HEADER = "CollectionsOfExample/Classes/Public(公共类)/Other/PrefixHeader.pch";
				INFOPLIST_FILE = "$(SRCROOT)/CollectionsOfExample/Resources/Plist文件/Info.plist";
				IPHONEOS_DEPLOYMENT_TARGET = 8.0;
				LD_RUNPATH_SEARCH_PATHS = "$(inherited) @executable_path/Frameworks";
				PRODUCT_BUNDLE_IDENTIFIER = chenfanfang.CollectionsOfExample;
				PRODUCT_NAME = "$(TARGET_NAME)";
			};
			name = Debug;
		};
		04CE414D1D3B8BEB009ED3F3 /* Release */ = {
			isa = XCBuildConfiguration;
			buildSettings = {
				ASSETCATALOG_COMPILER_APPICON_NAME = AppIcon;
				GCC_PRECOMPILE_PREFIX_HEADER = YES;
				GCC_PREFIX_HEADER = "CollectionsOfExample/Classes/Public(公共类)/Other/PrefixHeader.pch";
				INFOPLIST_FILE = "$(SRCROOT)/CollectionsOfExample/Resources/Plist文件/Info.plist";
				IPHONEOS_DEPLOYMENT_TARGET = 8.0;
				LD_RUNPATH_SEARCH_PATHS = "$(inherited) @executable_path/Frameworks";
				PRODUCT_BUNDLE_IDENTIFIER = chenfanfang.CollectionsOfExample;
				PRODUCT_NAME = "$(TARGET_NAME)";
			};
			name = Release;
		};
		04CE414F1D3B8BEB009ED3F3 /* Debug */ = {
			isa = XCBuildConfiguration;
			buildSettings = {
				BUNDLE_LOADER = "$(TEST_HOST)";
				INFOPLIST_FILE = CollectionsOfExampleTests/Info.plist;
				LD_RUNPATH_SEARCH_PATHS = "$(inherited) @executable_path/Frameworks @loader_path/Frameworks";
				PRODUCT_BUNDLE_IDENTIFIER = chenfanfang.CollectionsOfExampleTests;
				PRODUCT_NAME = "$(TARGET_NAME)";
				TEST_HOST = "$(BUILT_PRODUCTS_DIR)/CollectionsOfExample.app/CollectionsOfExample";
			};
			name = Debug;
		};
		04CE41501D3B8BEB009ED3F3 /* Release */ = {
			isa = XCBuildConfiguration;
			buildSettings = {
				BUNDLE_LOADER = "$(TEST_HOST)";
				INFOPLIST_FILE = CollectionsOfExampleTests/Info.plist;
				LD_RUNPATH_SEARCH_PATHS = "$(inherited) @executable_path/Frameworks @loader_path/Frameworks";
				PRODUCT_BUNDLE_IDENTIFIER = chenfanfang.CollectionsOfExampleTests;
				PRODUCT_NAME = "$(TARGET_NAME)";
				TEST_HOST = "$(BUILT_PRODUCTS_DIR)/CollectionsOfExample.app/CollectionsOfExample";
			};
			name = Release;
		};
		04CE41521D3B8BEB009ED3F3 /* Debug */ = {
			isa = XCBuildConfiguration;
			buildSettings = {
				INFOPLIST_FILE = CollectionsOfExampleUITests/Info.plist;
				LD_RUNPATH_SEARCH_PATHS = "$(inherited) @executable_path/Frameworks @loader_path/Frameworks";
				PRODUCT_BUNDLE_IDENTIFIER = chenfanfang.CollectionsOfExampleUITests;
				PRODUCT_NAME = "$(TARGET_NAME)";
				TEST_TARGET_NAME = CollectionsOfExample;
				USES_XCTRUNNER = YES;
			};
			name = Debug;
		};
		04CE41531D3B8BEB009ED3F3 /* Release */ = {
			isa = XCBuildConfiguration;
			buildSettings = {
				INFOPLIST_FILE = CollectionsOfExampleUITests/Info.plist;
				LD_RUNPATH_SEARCH_PATHS = "$(inherited) @executable_path/Frameworks @loader_path/Frameworks";
				PRODUCT_BUNDLE_IDENTIFIER = chenfanfang.CollectionsOfExampleUITests;
				PRODUCT_NAME = "$(TARGET_NAME)";
				TEST_TARGET_NAME = CollectionsOfExample;
				USES_XCTRUNNER = YES;
			};
			name = Release;
		};
/* End XCBuildConfiguration section */

/* Begin XCConfigurationList section */
		04CE41191D3B8BEB009ED3F3 /* Build configuration list for PBXProject "CollectionsOfExample" */ = {
			isa = XCConfigurationList;
			buildConfigurations = (
				04CE41491D3B8BEB009ED3F3 /* Debug */,
				04CE414A1D3B8BEB009ED3F3 /* Release */,
			);
			defaultConfigurationIsVisible = 0;
			defaultConfigurationName = Release;
		};
		04CE414B1D3B8BEB009ED3F3 /* Build configuration list for PBXNativeTarget "CollectionsOfExample" */ = {
			isa = XCConfigurationList;
			buildConfigurations = (
				04CE414C1D3B8BEB009ED3F3 /* Debug */,
				04CE414D1D3B8BEB009ED3F3 /* Release */,
			);
			defaultConfigurationIsVisible = 0;
			defaultConfigurationName = Release;
		};
		04CE414E1D3B8BEB009ED3F3 /* Build configuration list for PBXNativeTarget "CollectionsOfExampleTests" */ = {
			isa = XCConfigurationList;
			buildConfigurations = (
				04CE414F1D3B8BEB009ED3F3 /* Debug */,
				04CE41501D3B8BEB009ED3F3 /* Release */,
			);
			defaultConfigurationIsVisible = 0;
			defaultConfigurationName = Release;
		};
		04CE41511D3B8BEB009ED3F3 /* Build configuration list for PBXNativeTarget "CollectionsOfExampleUITests" */ = {
			isa = XCConfigurationList;
			buildConfigurations = (
				04CE41521D3B8BEB009ED3F3 /* Debug */,
				04CE41531D3B8BEB009ED3F3 /* Release */,
			);
			defaultConfigurationIsVisible = 0;
			defaultConfigurationName = Release;
		};
/* End XCConfigurationList section */
	};
	rootObject = 04CE41161D3B8BEB009ED3F3 /* Project object */;
}
